
Microsoft Visual Studio Solution File, Format Version 12.00
# Visual Studio 15
VisualStudioVersion = 15.0.28307.852
MinimumVisualStudioVersion = 10.0.40219.1
Project("{9A19103F-16F7-4668-BE54-9A1E7A4F7556}") = "MSSAForum", "MSSAForum\MSSAForum.csproj", "{0B587B84-A31B-484B-8C74-ADCACDF54043}"
EndProject
Project("{9A19103F-16F7-4668-BE54-9A1E7A4F7556}") = "MSSAForum.Data", "MSSAForum.Data\MSSAForum.Data.csproj", "{A9AF93F6-C5F7-4797-ADAE-26CBFBDDD46E}"
EndProject
Project("{FAE04EC0-301F-11D3-BF4B-00C04F79EFBC}") = "MSSAForum.Service", "MSSAForum.Service\MSSAForum.Service.csproj", "{2B57D31F-B1AD-4F03-8B73-081E0570AD88}"
EndProject
Global
	GlobalSection(SolutionConfigurationPlatforms) = preSolution
		Debug|Any CPU = Debug|Any CPU
		Release|Any CPU = Release|Any CPU
	EndGlobalSection
	GlobalSection(ProjectConfigurationPlatforms) = postSolution
		{0B587B84-A31B-484B-8C74-ADCACDF54043}.Debug|Any CPU.ActiveCfg = Debug|Any CPU
		{0B587B84-A31B-484B-8C74-ADCACDF54043}.Debug|Any CPU.Build.0 = Debug|Any CPU
		{0B587B84-A31B-484B-8C74-ADCACDF54043}.Release|Any CPU.ActiveCfg = Release|Any CPU
		{0B587B84-A31B-484B-8C74-ADCACDF54043}.Release|Any CPU.Build.0 = Release|Any CPU
		{A9AF93F6-C5F7-4797-ADAE-26CBFBDDD46E}.Debug|Any CPU.ActiveCfg = Debug|Any CPU
		{A9AF93F6-C5F7-4797-ADAE-26CBFBDDD46E}.Debug|Any CPU.Build.0 = Debug|Any CPU
		{A9AF93F6-C5F7-4797-ADAE-26CBFBDDD46E}.Release|Any CPU.ActiveCfg = Release|Any CPU
		{A9AF93F6-C5F7-4797-ADAE-26CBFBDDD46E}.Release|Any CPU.Build.0 = Release|Any CPU
		{2B57D31F-B1AD-4F03-8B73-081E0570AD88}.Debug|Any CPU.ActiveCfg = Debug|Any CPU
		{2B57D31F-B1AD-4F03-8B73-081E0570AD88}.Debug|Any CPU.Build.0 = Debug|Any CPU
		{2B57D31F-B1AD-4F03-8B73-081E0570AD88}.Release|Any CPU.ActiveCfg = Release|Any CPU
		{2B57D31F-B1AD-4F03-8B73-081E0570AD88}.Release|Any CPU.Build.0 = Release|Any CPU
	EndGlobalSection
	GlobalSection(SolutionProperties) = preSolution
		HideSolutionNode = FALSE
	EndGlobalSection
	GlobalSection(ExtensibilityGlobals) = postSolution
		SolutionGuid = {D9E66542-8329-41B1-A60F-2A3756F0AD34}
	EndGlobalSection
EndGlobal
